
Microsoft Visual Studio Solution File, Format Version 12.00
# Visual Studio Version 17
VisualStudioVersion = 17.12.35527.113 d17.12
MinimumVisualStudioVersion = 10.0.40219.1
Project("{FAE04EC0-301F-11D3-BF4B-00C04F79EFBC}") = "ErrorStatus_SeriLog", "ErrorStatus_SeriLog\ErrorStatus_SeriLog.csproj", "{C5723606-1097-4D0D-8E06-DD9B950E1C7A}"
EndProject
Global
	GlobalSection(SolutionConfigurationPlatforms) = preSolution
		Debug|Any CPU = Debug|Any CPU
		Release|Any CPU = Release|Any CPU
	EndGlobalSection
	GlobalSection(ProjectConfigurationPlatforms) = postSolution
		{C5723606-1097-4D0D-8E06-DD9B950E1C7A}.Debug|Any CPU.ActiveCfg = Debug|Any CPU
		{C5723606-1097-4D0D-8E06-DD9B950E1C7A}.Debug|Any CPU.Build.0 = Debug|Any CPU
		{C5723606-1097-4D0D-8E06-DD9B950E1C7A}.Release|Any CPU.ActiveCfg = Release|Any CPU
		{C5723606-1097-4D0D-8E06-DD9B950E1C7A}.Release|Any CPU.Build.0 = Release|Any CPU
	EndGlobalSection
	GlobalSection(SolutionProperties) = preSolution
		HideSolutionNode = FALSE
	EndGlobalSection
EndGlobal
